
Microsoft Visual Studio Solution File, Format Version 12.00
# Visual Studio Version 16
VisualStudioVersion = 16.0.29911.84
MinimumVisualStudioVersion = 10.0.40219.1
Project("{FAE04EC0-301F-11D3-BF4B-00C04F79EFBC}") = "ConsoleApp1", "ConsoleApp1\ConsoleApp1.csproj", "{08CEB211-DD32-46BE-B688-4CFFDC65B381}"
EndProject
Global
	GlobalSection(SolutionConfigurationPlatforms) = preSolution
		Debug|Any CPU = Debug|Any CPU
		Release|Any CPU = Release|Any CPU
	EndGlobalSection
	GlobalSection(ProjectConfigurationPlatforms) = postSolution
		{08CEB211-DD32-46BE-B688-4CFFDC65B381}.Debug|Any CPU.ActiveCfg = Debug|Any CPU
		{08CEB211-DD32-46BE-B688-4CFFDC65B381}.Debug|Any CPU.Build.0 = Debug|Any CPU
		{08CEB211-DD32-46BE-B688-4CFFDC65B381}.Release|Any CPU.ActiveCfg = Release|Any CPU
		{08CEB211-DD32-46BE-B688-4CFFDC65B381}.Release|Any CPU.Build.0 = Release|Any CPU
	EndGlobalSection
	GlobalSection(SolutionProperties) = preSolution
		HideSolutionNode = FALSE
	EndGlobalSection
	GlobalSection(ExtensibilityGlobals) = postSolution
		SolutionGuid = {63B333B1-795D-42F0-8AE1-1A082DD4E74E}
	EndGlobalSection
EndGlobal
