
Microsoft Visual Studio Solution File, Format Version 12.00
# Visual Studio Version 16
VisualStudioVersion = 16.0.29911.84
MinimumVisualStudioVersion = 10.0.40219.1
Project("{FAE04EC0-301F-11D3-BF4B-00C04F79EFBC}") = "BlazorApp1", "BlazorApp1\BlazorApp1.csproj", "{CCE792D0-060E-40F3-8303-598217F032D5}"
EndProject
Global
	GlobalSection(SolutionConfigurationPlatforms) = preSolution
		Debug|Any CPU = Debug|Any CPU
		Release|Any CPU = Release|Any CPU
	EndGlobalSection
	GlobalSection(ProjectConfigurationPlatforms) = postSolution
		{CCE792D0-060E-40F3-8303-598217F032D5}.Debug|Any CPU.ActiveCfg = Debug|Any CPU
		{CCE792D0-060E-40F3-8303-598217F032D5}.Debug|Any CPU.Build.0 = Debug|Any CPU
		{CCE792D0-060E-40F3-8303-598217F032D5}.Release|Any CPU.ActiveCfg = Release|Any CPU
		{CCE792D0-060E-40F3-8303-598217F032D5}.Release|Any CPU.Build.0 = Release|Any CPU
	EndGlobalSection
	GlobalSection(SolutionProperties) = preSolution
		HideSolutionNode = FALSE
	EndGlobalSection
	GlobalSection(ExtensibilityGlobals) = postSolution
		SolutionGuid = {AD2FBF76-24F0-4D73-9617-F6F3C19D1D9B}
	EndGlobalSection
EndGlobal
