
Microsoft Visual Studio Solution File, Format Version 12.00
# Visual Studio Version 16
VisualStudioVersion = 16.0.29911.84
MinimumVisualStudioVersion = 10.0.40219.1
Project("{FAE04EC0-301F-11D3-BF4B-00C04F79EFBC}") = "WindowsFormsApp1", "WindowsFormsApp1\WindowsFormsApp1.csproj", "{400B009E-7529-43BF-A3F7-CECD847B170D}"
EndProject
Global
	GlobalSection(SolutionConfigurationPlatforms) = preSolution
		Debug|Any CPU = Debug|Any CPU
		Release|Any CPU = Release|Any CPU
	EndGlobalSection
	GlobalSection(ProjectConfigurationPlatforms) = postSolution
		{400B009E-7529-43BF-A3F7-CECD847B170D}.Debug|Any CPU.ActiveCfg = Debug|Any CPU
		{400B009E-7529-43BF-A3F7-CECD847B170D}.Debug|Any CPU.Build.0 = Debug|Any CPU
		{400B009E-7529-43BF-A3F7-CECD847B170D}.Release|Any CPU.ActiveCfg = Release|Any CPU
		{400B009E-7529-43BF-A3F7-CECD847B170D}.Release|Any CPU.Build.0 = Release|Any CPU
	EndGlobalSection
	GlobalSection(SolutionProperties) = preSolution
		HideSolutionNode = FALSE
	EndGlobalSection
	GlobalSection(ExtensibilityGlobals) = postSolution
		SolutionGuid = {1974B285-F0AE-4F39-B632-D22807C22759}
	EndGlobalSection
EndGlobal
